
Microsoft Visual Studio Solution File, Format Version 12.00
Project("{FAE04EC0-301F-11D3-BF4B-00C04F79EFBC}") = "Console", "Console\Console.csproj", "{9FA42B01-CC94-4DD1-983C-1E0DAA87CCF2}"
EndProject
Project("{FAE04EC0-301F-11D3-BF4B-00C04F79EFBC}") = "DummyDependencyInjection.Services", "DummyDependencyInjection.Services\DummyDependencyInjection.Services.csproj", "{2B9A1383-B991-4F28-94E7-616F11EA9172}"
EndProject
Project("{FAE04EC0-301F-11D3-BF4B-00C04F79EFBC}") = "DummyDependencyInjection.Tests", "DummyDependencyInjection.Tests\DummyDependencyInjection.Tests.csproj", "{4758B2B2-7C2C-49E2-A47F-FDA78A5A29A3}"
EndProject
Global
	GlobalSection(SolutionConfigurationPlatforms) = preSolution
		Debug|Any CPU = Debug|Any CPU
		Release|Any CPU = Release|Any CPU
	EndGlobalSection
	GlobalSection(ProjectConfigurationPlatforms) = postSolution
		{9FA42B01-CC94-4DD1-983C-1E0DAA87CCF2}.Debug|Any CPU.ActiveCfg = Debug|Any CPU
		{9FA42B01-CC94-4DD1-983C-1E0DAA87CCF2}.Debug|Any CPU.Build.0 = Debug|Any CPU
		{9FA42B01-CC94-4DD1-983C-1E0DAA87CCF2}.Release|Any CPU.ActiveCfg = Release|Any CPU
		{9FA42B01-CC94-4DD1-983C-1E0DAA87CCF2}.Release|Any CPU.Build.0 = Release|Any CPU
		{2B9A1383-B991-4F28-94E7-616F11EA9172}.Debug|Any CPU.ActiveCfg = Debug|Any CPU
		{2B9A1383-B991-4F28-94E7-616F11EA9172}.Debug|Any CPU.Build.0 = Debug|Any CPU
		{2B9A1383-B991-4F28-94E7-616F11EA9172}.Release|Any CPU.ActiveCfg = Release|Any CPU
		{2B9A1383-B991-4F28-94E7-616F11EA9172}.Release|Any CPU.Build.0 = Release|Any CPU
		{4758B2B2-7C2C-49E2-A47F-FDA78A5A29A3}.Debug|Any CPU.ActiveCfg = Debug|Any CPU
		{4758B2B2-7C2C-49E2-A47F-FDA78A5A29A3}.Debug|Any CPU.Build.0 = Debug|Any CPU
		{4758B2B2-7C2C-49E2-A47F-FDA78A5A29A3}.Release|Any CPU.ActiveCfg = Release|Any CPU
		{4758B2B2-7C2C-49E2-A47F-FDA78A5A29A3}.Release|Any CPU.Build.0 = Release|Any CPU
	EndGlobalSection
EndGlobal
